
Microsoft Visual Studio Solution File, Format Version 12.00
# Visual Studio Version 17
VisualStudioVersion = 17.14.36221.1 d17.14
MinimumVisualStudioVersion = 10.0.40219.1
Project("{FAE04EC0-301F-11D3-BF4B-00C04F79EFBC}") = "JavaNetServer", "JavaNetServer\JavaNetServer.csproj", "{93068274-8C23-4E1E-994B-D8ED34FEB42E}"
EndProject
Global
	GlobalSection(SolutionConfigurationPlatforms) = preSolution
		Debug|Any CPU = Debug|Any CPU
		Release|Any CPU = Release|Any CPU
	EndGlobalSection
	GlobalSection(ProjectConfigurationPlatforms) = postSolution
		{93068274-8C23-4E1E-994B-D8ED34FEB42E}.Debug|Any CPU.ActiveCfg = Debug|Any CPU
		{93068274-8C23-4E1E-994B-D8ED34FEB42E}.Debug|Any CPU.Build.0 = Debug|Any CPU
		{93068274-8C23-4E1E-994B-D8ED34FEB42E}.Release|Any CPU.ActiveCfg = Release|Any CPU
		{93068274-8C23-4E1E-994B-D8ED34FEB42E}.Release|Any CPU.Build.0 = Release|Any CPU
	EndGlobalSection
	GlobalSection(SolutionProperties) = preSolution
		HideSolutionNode = FALSE
	EndGlobalSection
	GlobalSection(ExtensibilityGlobals) = postSolution
		SolutionGuid = {F8F1C126-311B-4FA2-8014-CB73AEE934B9}
	EndGlobalSection
EndGlobal
